
Microsoft Visual Studio Solution File, Format Version 12.00
# Visual Studio Version 16
VisualStudioVersion = 16.0.31624.102
MinimumVisualStudioVersion = 10.0.40219.1
Project("{FAE04EC0-301F-11D3-BF4B-00C04F79EFBC}") = "VillacarlosActivity1", "VillacarlosActivity1\VillacarlosActivity1.csproj", "{A8445889-B1FF-4CD8-BF15-57BE67561FAF}"
EndProject
Global
	GlobalSection(SolutionConfigurationPlatforms) = preSolution
		Debug|Any CPU = Debug|Any CPU
		Release|Any CPU = Release|Any CPU
	EndGlobalSection
	GlobalSection(ProjectConfigurationPlatforms) = postSolution
		{A8445889-B1FF-4CD8-BF15-57BE67561FAF}.Debug|Any CPU.ActiveCfg = Debug|Any CPU
		{A8445889-B1FF-4CD8-BF15-57BE67561FAF}.Debug|Any CPU.Build.0 = Debug|Any CPU
		{A8445889-B1FF-4CD8-BF15-57BE67561FAF}.Release|Any CPU.ActiveCfg = Release|Any CPU
		{A8445889-B1FF-4CD8-BF15-57BE67561FAF}.Release|Any CPU.Build.0 = Release|Any CPU
	EndGlobalSection
	GlobalSection(SolutionProperties) = preSolution
		HideSolutionNode = FALSE
	EndGlobalSection
	GlobalSection(ExtensibilityGlobals) = postSolution
		SolutionGuid = {05454B74-2904-4235-8E65-4DAA627AE8A9}
	EndGlobalSection
EndGlobal
